// !$*UTF8*$!
{
	archiveVersion = 1;
	classes = {
	};
	objectVersion = 56;
	objects = {

/* Begin PBXBuildFile section */
		4F30284D28DB0A0800702FDD /* AppDelegate.m in Sources */ = {isa = PBXBuildFile; fileRef = 4F30284C28DB0A0800702FDD /* AppDelegate.m */; };
		4F30285028DB0A0800702FDD /* SceneDelegate.m in Sources */ = {isa = PBXBuildFile; fileRef = 4F30284F28DB0A0800702FDD /* SceneDelegate.m */; };
		4F30285328DB0A0800702FDD /* DecksViewController.m in Sources */ = {isa = PBXBuildFile; fileRef = 4F30285228DB0A0800702FDD /* DecksViewController.m */; };
		4F30285E28DB0A0800702FDD /* main.m in Sources */ = {isa = PBXBuildFile; fileRef = 4F30285D28DB0A0800702FDD /* main.m */; };
		4FD4E48028F67880006EBA86 /* Localizable.strings in Resources */ = {isa = PBXBuildFile; fileRef = 4FD4E48228F67880006EBA86 /* Localizable.strings */; };
		4FD4E48628F67A0D006EBA86 /* InfoPlist.strings in Resources */ = {isa = PBXBuildFile; fileRef = 4FD4E48828F67A0D006EBA86 /* InfoPlist.strings */; };
		4FD4E49828F67B0F006EBA86 /* NSString+convertToCamelCase.m in Sources */ = {isa = PBXBuildFile; fileRef = 4FD4E49528F67B0F006EBA86 /* NSString+convertToCamelCase.m */; };
		4FD4E49928F67B0F006EBA86 /* main.m in Sources */ = {isa = PBXBuildFile; fileRef = 4FD4E49628F67B0F006EBA86 /* main.m */; };
		4FD4E49F28F67CCA006EBA86 /* LocalizableService.m in Sources */ = {isa = PBXBuildFile; fileRef = 4FD4E49E28F67CCA006EBA86 /* LocalizableService.m */; };
/* End PBXBuildFile section */

/* Begin PBXCopyFilesBuildPhase section */
		4FD4E48C28F67AD0006EBA86 /* CopyFiles */ = {
			isa = PBXCopyFilesBuildPhase;
			buildActionMask = 2147483647;
			dstPath = /usr/share/man/man1/;
			dstSubfolderSpec = 0;
			files = (
			);
			runOnlyForDeploymentPostprocessing = 1;
		};
/* End PBXCopyFilesBuildPhase section */

/* Begin PBXFileReference section */
		4F30284828DB0A0800702FDD /* NamuTrackerApp.app */ = {isa = PBXFileReference; explicitFileType = wrapper.application; includeInIndex = 0; path = NamuTrackerApp.app; sourceTree = BUILT_PRODUCTS_DIR; };
		4F30284B28DB0A0800702FDD /* AppDelegate.h */ = {isa = PBXFileReference; lastKnownFileType = sourcecode.c.h; path = AppDelegate.h; sourceTree = "<group>"; };
		4F30284C28DB0A0800702FDD /* AppDelegate.m */ = {isa = PBXFileReference; lastKnownFileType = sourcecode.c.objc; path = AppDelegate.m; sourceTree = "<group>"; };
		4F30284E28DB0A0800702FDD /* SceneDelegate.h */ = {isa = PBXFileReference; lastKnownFileType = sourcecode.c.h; path = SceneDelegate.h; sourceTree = "<group>"; };
		4F30284F28DB0A0800702FDD /* SceneDelegate.m */ = {isa = PBXFileReference; lastKnownFileType = sourcecode.c.objc; path = SceneDelegate.m; sourceTree = "<group>"; };
		4F30285128DB0A0800702FDD /* DecksViewController.h */ = {isa = PBXFileReference; lastKnownFileType = sourcecode.c.h; path = DecksViewController.h; sourceTree = "<group>"; };
		4F30285228DB0A0800702FDD /* DecksViewController.m */ = {isa = PBXFileReference; lastKnownFileType = sourcecode.c.objc; path = DecksViewController.m; sourceTree = "<group>"; };
		4F30285D28DB0A0800702FDD /* main.m */ = {isa = PBXFileReference; lastKnownFileType = sourcecode.c.objc; path = main.m; sourceTree = "<group>"; };
		4F30287328DB4D4800702FDD /* Info.plist */ = {isa = PBXFileReference; fileEncoding = 4; lastKnownFileType = text.plist.xml; path = Info.plist; sourceTree = "<group>"; };
		4FD4E48128F67880006EBA86 /* en */ = {isa = PBXFileReference; lastKnownFileType = text.plist.strings; name = en; path = en.lproj/Localizable.strings; sourceTree = "<group>"; };
		4FD4E48328F6788F006EBA86 /* ko */ = {isa = PBXFileReference; lastKnownFileType = text.plist.strings; name = ko; path = ko.lproj/Localizable.strings; sourceTree = "<group>"; };
		4FD4E48728F67A0D006EBA86 /* en */ = {isa = PBXFileReference; lastKnownFileType = text.plist.strings; name = en; path = en.lproj/InfoPlist.strings; sourceTree = "<group>"; };
		4FD4E48928F67A10006EBA86 /* ko */ = {isa = PBXFileReference; lastKnownFileType = text.plist.strings; name = ko; path = ko.lproj/InfoPlist.strings; sourceTree = "<group>"; };
		4FD4E48E28F67AD0006EBA86 /* NamuTrackerAppResourcesScript */ = {isa = PBXFileReference; explicitFileType = "compiled.mach-o.executable"; includeInIndex = 0; path = NamuTrackerAppResourcesScript; sourceTree = BUILT_PRODUCTS_DIR; };
		4FD4E49528F67B0F006EBA86 /* NSString+convertToCamelCase.m */ = {isa = PBXFileReference; fileEncoding = 4; lastKnownFileType = sourcecode.c.objc; path = "NSString+convertToCamelCase.m"; sourceTree = "<group>"; };
		4FD4E49628F67B0F006EBA86 /* main.m */ = {isa = PBXFileReference; fileEncoding = 4; lastKnownFileType = sourcecode.c.objc; path = main.m; sourceTree = "<group>"; };
		4FD4E49728F67B0F006EBA86 /* NSString+convertToCamelCase.h */ = {isa = PBXFileReference; fileEncoding = 4; lastKnownFileType = sourcecode.c.h; path = "NSString+convertToCamelCase.h"; sourceTree = "<group>"; };
		4FD4E49C28F67CB7006EBA86 /* LocalizableKey.h */ = {isa = PBXFileReference; fileEncoding = 4; lastKnownFileType = sourcecode.c.h; path = LocalizableKey.h; sourceTree = "<group>"; };
		4FD4E49D28F67CCA006EBA86 /* LocalizableService.h */ = {isa = PBXFileReference; lastKnownFileType = sourcecode.c.h; path = LocalizableService.h; sourceTree = "<group>"; };
		4FD4E49E28F67CCA006EBA86 /* LocalizableService.m */ = {isa = PBXFileReference; lastKnownFileType = sourcecode.c.objc; path = LocalizableService.m; sourceTree = "<group>"; };
/* End PBXFileReference section */

/* Begin PBXFrameworksBuildPhase section */
		4F30284528DB0A0800702FDD /* Frameworks */ = {
			isa = PBXFrameworksBuildPhase;
			buildActionMask = 2147483647;
			files = (
			);
			runOnlyForDeploymentPostprocessing = 0;
		};
		4FD4E48B28F67AD0006EBA86 /* Frameworks */ = {
			isa = PBXFrameworksBuildPhase;
			buildActionMask = 2147483647;
			files = (
			);
			runOnlyForDeploymentPostprocessing = 0;
		};
/* End PBXFrameworksBuildPhase section */

/* Begin PBXGroup section */
		4F30283F28DB0A0800702FDD = {
			isa = PBXGroup;
			children = (
				4F30284A28DB0A0800702FDD /* NamuTrackerApp */,
				4FD4E48F28F67AD0006EBA86 /* NamuTrackerAppResourcesScript */,
				4F30284928DB0A0800702FDD /* Products */,
			);
			sourceTree = "<group>";
		};
		4F30284928DB0A0800702FDD /* Products */ = {
			isa = PBXGroup;
			children = (
				4F30284828DB0A0800702FDD /* NamuTrackerApp.app */,
				4FD4E48E28F67AD0006EBA86 /* NamuTrackerAppResourcesScript */,
			);
			name = Products;
			sourceTree = "<group>";
		};
		4F30284A28DB0A0800702FDD /* NamuTrackerApp */ = {
			isa = PBXGroup;
			children = (
				4FD4E47B28F67868006EBA86 /* Resources */,
				4FD4E49A28F67B6E006EBA86 /* Services */,
				4F30287328DB4D4800702FDD /* Info.plist */,
				4F30284B28DB0A0800702FDD /* AppDelegate.h */,
				4F30284C28DB0A0800702FDD /* AppDelegate.m */,
				4F30284E28DB0A0800702FDD /* SceneDelegate.h */,
				4F30284F28DB0A0800702FDD /* SceneDelegate.m */,
				4F30285128DB0A0800702FDD /* DecksViewController.h */,
				4F30285228DB0A0800702FDD /* DecksViewController.m */,
				4F30285D28DB0A0800702FDD /* main.m */,
			);
			path = NamuTrackerApp;
			sourceTree = "<group>";
		};
		4FD4E47B28F67868006EBA86 /* Resources */ = {
			isa = PBXGroup;
			children = (
				4FD4E48228F67880006EBA86 /* Localizable.strings */,
				4FD4E48828F67A0D006EBA86 /* InfoPlist.strings */,
			);
			path = Resources;
			sourceTree = "<group>";
		};
		4FD4E48F28F67AD0006EBA86 /* NamuTrackerAppResourcesScript */ = {
			isa = PBXGroup;
			children = (
				4FD4E49628F67B0F006EBA86 /* main.m */,
				4FD4E49728F67B0F006EBA86 /* NSString+convertToCamelCase.h */,
				4FD4E49528F67B0F006EBA86 /* NSString+convertToCamelCase.m */,
			);
			path = NamuTrackerAppResourcesScript;
			sourceTree = "<group>";
		};
		4FD4E49A28F67B6E006EBA86 /* Services */ = {
			isa = PBXGroup;
			children = (
				4FD4E49B28F67B76006EBA86 /* Localizable */,
			);
			path = Services;
			sourceTree = "<group>";
		};
		4FD4E49B28F67B76006EBA86 /* Localizable */ = {
			isa = PBXGroup;
			children = (
				4FD4E49C28F67CB7006EBA86 /* LocalizableKey.h */,
				4FD4E49D28F67CCA006EBA86 /* LocalizableService.h */,
				4FD4E49E28F67CCA006EBA86 /* LocalizableService.m */,
			);
			path = Localizable;
			sourceTree = "<group>";
		};
/* End PBXGroup section */

/* Begin PBXNativeTarget section */
		4F30284728DB0A0800702FDD /* NamuTrackerApp */ = {
			isa = PBXNativeTarget;
			buildConfigurationList = 4F30286128DB0A0800702FDD /* Build configuration list for PBXNativeTarget "NamuTrackerApp" */;
			buildPhases = (
				4F30284428DB0A0800702FDD /* Sources */,
				4F30284528DB0A0800702FDD /* Frameworks */,
				4F30284628DB0A0800702FDD /* Resources */,
			);
			buildRules = (
			);
			dependencies = (
			);
			name = NamuTrackerApp;
			productName = NamuTracker;
			productReference = 4F30284828DB0A0800702FDD /* NamuTrackerApp.app */;
			productType = "com.apple.product-type.application";
		};
		4FD4E48D28F67AD0006EBA86 /* NamuTrackerAppResourcesScript */ = {
			isa = PBXNativeTarget;
			buildConfigurationList = 4FD4E49228F67AD0006EBA86 /* Build configuration list for PBXNativeTarget "NamuTrackerAppResourcesScript" */;
			buildPhases = (
				4FD4E48A28F67AD0006EBA86 /* Sources */,
				4FD4E48B28F67AD0006EBA86 /* Frameworks */,
				4FD4E48C28F67AD0006EBA86 /* CopyFiles */,
			);
			buildRules = (
			);
			dependencies = (
			);
			name = NamuTrackerAppResourcesScript;
			productName = NamuTrackerAppResourcesScript;
			productReference = 4FD4E48E28F67AD0006EBA86 /* NamuTrackerAppResourcesScript */;
			productType = "com.apple.product-type.tool";
		};
/* End PBXNativeTarget section */

/* Begin PBXProject section */
		4F30284028DB0A0800702FDD /* Project object */ = {
			isa = PBXProject;
			attributes = {
				BuildIndependentTargetsInParallel = 1;
				LastUpgradeCheck = 1410;
				TargetAttributes = {
					4F30284728DB0A0800702FDD = {
						CreatedOnToolsVersion = 14.1;
					};
					4FD4E48D28F67AD0006EBA86 = {
						CreatedOnToolsVersion = 14.0.1;
					};
				};
			};
			buildConfigurationList = 4F30284328DB0A0800702FDD /* Build configuration list for PBXProject "NamuTrackerApp" */;
			compatibilityVersion = "Xcode 14.0";
			developmentRegion = en;
			hasScannedForEncodings = 0;
			knownRegions = (
				en,
				ko,
				Base,
			);
			mainGroup = 4F30283F28DB0A0800702FDD;
			productRefGroup = 4F30284928DB0A0800702FDD /* Products */;
			projectDirPath = "";
			projectRoot = "";
			targets = (
				4F30284728DB0A0800702FDD /* NamuTrackerApp */,
				4FD4E48D28F67AD0006EBA86 /* NamuTrackerAppResourcesScript */,
			);
		};
/* End PBXProject section */

/* Begin PBXResourcesBuildPhase section */
		4F30284628DB0A0800702FDD /* Resources */ = {
			isa = PBXResourcesBuildPhase;
			buildActionMask = 2147483647;
			files = (
				4FD4E48028F67880006EBA86 /* Localizable.strings in Resources */,
				4FD4E48628F67A0D006EBA86 /* InfoPlist.strings in Resources */,
			);
			runOnlyForDeploymentPostprocessing = 0;
		};
/* End PBXResourcesBuildPhase section */

/* Begin PBXSourcesBuildPhase section */
		4F30284428DB0A0800702FDD /* Sources */ = {
			isa = PBXSourcesBuildPhase;
			buildActionMask = 2147483647;
			files = (
				4F30285328DB0A0800702FDD /* DecksViewController.m in Sources */,
				4F30284D28DB0A0800702FDD /* AppDelegate.m in Sources */,
				4F30285E28DB0A0800702FDD /* main.m in Sources */,
				4FD4E49F28F67CCA006EBA86 /* LocalizableService.m in Sources */,
				4F30285028DB0A0800702FDD /* SceneDelegate.m in Sources */,
			);
			runOnlyForDeploymentPostprocessing = 0;
		};
		4FD4E48A28F67AD0006EBA86 /* Sources */ = {
			isa = PBXSourcesBuildPhase;
			buildActionMask = 2147483647;
			files = (
				4FD4E49928F67B0F006EBA86 /* main.m in Sources */,
				4FD4E49828F67B0F006EBA86 /* NSString+convertToCamelCase.m in Sources */,
			);
			runOnlyForDeploymentPostprocessing = 0;
		};
/* End PBXSourcesBuildPhase section */

/* Begin PBXVariantGroup section */
		4FD4E48228F67880006EBA86 /* Localizable.strings */ = {
			isa = PBXVariantGroup;
			children = (
				4FD4E48128F67880006EBA86 /* en */,
				4FD4E48328F6788F006EBA86 /* ko */,
			);
			name = Localizable.strings;
			sourceTree = "<group>";
		};
		4FD4E48828F67A0D006EBA86 /* InfoPlist.strings */ = {
			isa = PBXVariantGroup;
			children = (
				4FD4E48728F67A0D006EBA86 /* en */,
				4FD4E48928F67A10006EBA86 /* ko */,
			);
			name = InfoPlist.strings;
			sourceTree = "<group>";
		};
/* End PBXVariantGroup section */

/* Begin XCBuildConfiguration section */
		4F30285F28DB0A0800702FDD /* Debug */ = {
			isa = XCBuildConfiguration;
			buildSettings = {
				ALWAYS_SEARCH_USER_PATHS = NO;
				CLANG_ANALYZER_LOCALIZABILITY_NONLOCALIZED = YES;
				CLANG_ANALYZER_NONNULL = YES;
				CLANG_ANALYZER_NUMBER_OBJECT_CONVERSION = YES_AGGRESSIVE;
				CLANG_CXX_LANGUAGE_STANDARD = "gnu++20";
				CLANG_ENABLE_MODULES = YES;
				CLANG_ENABLE_OBJC_ARC = YES;
				CLANG_ENABLE_OBJC_WEAK = YES;
				CLANG_WARN_BLOCK_CAPTURE_AUTORELEASING = YES;
				CLANG_WARN_BOOL_CONVERSION = YES;
				CLANG_WARN_COMMA = YES;
				CLANG_WARN_CONSTANT_CONVERSION = YES;
				CLANG_WARN_DEPRECATED_OBJC_IMPLEMENTATIONS = YES;
				CLANG_WARN_DIRECT_OBJC_ISA_USAGE = YES_ERROR;
				CLANG_WARN_DOCUMENTATION_COMMENTS = YES;
				CLANG_WARN_EMPTY_BODY = YES;
				CLANG_WARN_ENUM_CONVERSION = YES;
				CLANG_WARN_INFINITE_RECURSION = YES;
				CLANG_WARN_INT_CONVERSION = YES;
				CLANG_WARN_NON_LITERAL_NULL_CONVERSION = YES;
				CLANG_WARN_OBJC_IMPLICIT_RETAIN_SELF = YES;
				CLANG_WARN_OBJC_LITERAL_CONVERSION = YES;
				CLANG_WARN_OBJC_ROOT_CLASS = YES_ERROR;
				CLANG_WARN_QUOTED_INCLUDE_IN_FRAMEWORK_HEADER = YES;
				CLANG_WARN_RANGE_LOOP_ANALYSIS = YES;
				CLANG_WARN_STRICT_PROTOTYPES = YES;
				CLANG_WARN_SUSPICIOUS_MOVE = YES;
				CLANG_WARN_UNGUARDED_AVAILABILITY = YES_AGGRESSIVE;
				CLANG_WARN_UNREACHABLE_CODE = YES;
				CLANG_WARN__DUPLICATE_METHOD_MATCH = YES;
				COPY_PHASE_STRIP = NO;
				DEBUG_INFORMATION_FORMAT = dwarf;
				ENABLE_STRICT_OBJC_MSGSEND = YES;
				ENABLE_TESTABILITY = YES;
				GCC_C_LANGUAGE_STANDARD = gnu11;
				GCC_DYNAMIC_NO_PIC = NO;
				GCC_NO_COMMON_BLOCKS = YES;
				GCC_OPTIMIZATION_LEVEL = 0;
				GCC_PREPROCESSOR_DEFINITIONS = (
					"DEBUG=1",
					"$(inherited)",
					"USERLAND_MODE=1",
				);
				GCC_WARN_64_TO_32_BIT_CONVERSION = YES;
				GCC_WARN_ABOUT_RETURN_TYPE = YES_ERROR;
				GCC_WARN_UNDECLARED_SELECTOR = YES;
				GCC_WARN_UNINITIALIZED_AUTOS = YES_AGGRESSIVE;
				GCC_WARN_UNUSED_FUNCTION = YES;
				GCC_WARN_UNUSED_VARIABLE = YES;
				GENERATE_INFOPLIST_FILE = NO;
				INFOPLIST_EXPAND_BUILD_SETTINGS = YES;
				INFOPLIST_PREPROCESS = NO;
				IPHONEOS_DEPLOYMENT_TARGET = 14.0;
				MTL_ENABLE_DEBUG_INFO = INCLUDE_SOURCE;
				MTL_FAST_MATH = YES;
				ONLY_ACTIVE_ARCH = YES;
				SDKROOT = iphoneos;
			};
			name = Debug;
		};
		4F30286028DB0A0800702FDD /* Release */ = {
			isa = XCBuildConfiguration;
			buildSettings = {
				ALWAYS_SEARCH_USER_PATHS = NO;
				CLANG_ANALYZER_LOCALIZABILITY_NONLOCALIZED = YES;
				CLANG_ANALYZER_NONNULL = YES;
				CLANG_ANALYZER_NUMBER_OBJECT_CONVERSION = YES_AGGRESSIVE;
				CLANG_CXX_LANGUAGE_STANDARD = "gnu++20";
				CLANG_ENABLE_MODULES = YES;
				CLANG_ENABLE_OBJC_ARC = YES;
				CLANG_ENABLE_OBJC_WEAK = YES;
				CLANG_WARN_BLOCK_CAPTURE_AUTORELEASING = YES;
				CLANG_WARN_BOOL_CONVERSION = YES;
				CLANG_WARN_COMMA = YES;
				CLANG_WARN_CONSTANT_CONVERSION = YES;
				CLANG_WARN_DEPRECATED_OBJC_IMPLEMENTATIONS = YES;
				CLANG_WARN_DIRECT_OBJC_ISA_USAGE = YES_ERROR;
				CLANG_WARN_DOCUMENTATION_COMMENTS = YES;
				CLANG_WARN_EMPTY_BODY = YES;
				CLANG_WARN_ENUM_CONVERSION = YES;
				CLANG_WARN_INFINITE_RECURSION = YES;
				CLANG_WARN_INT_CONVERSION = YES;
				CLANG_WARN_NON_LITERAL_NULL_CONVERSION = YES;
				CLANG_WARN_OBJC_IMPLICIT_RETAIN_SELF = YES;
				CLANG_WARN_OBJC_LITERAL_CONVERSION = YES;
				CLANG_WARN_OBJC_ROOT_CLASS = YES_ERROR;
				CLANG_WARN_QUOTED_INCLUDE_IN_FRAMEWORK_HEADER = YES;
				CLANG_WARN_RANGE_LOOP_ANALYSIS = YES;
				CLANG_WARN_STRICT_PROTOTYPES = YES;
				CLANG_WARN_SUSPICIOUS_MOVE = YES;
				CLANG_WARN_UNGUARDED_AVAILABILITY = YES_AGGRESSIVE;
				CLANG_WARN_UNREACHABLE_CODE = YES;
				CLANG_WARN__DUPLICATE_METHOD_MATCH = YES;
				COPY_PHASE_STRIP = NO;
				DEBUG_INFORMATION_FORMAT = "dwarf-with-dsym";
				ENABLE_NS_ASSERTIONS = NO;
				ENABLE_STRICT_OBJC_MSGSEND = YES;
				GCC_C_LANGUAGE_STANDARD = gnu11;
				GCC_NO_COMMON_BLOCKS = YES;
				GCC_PREPROCESSOR_DEFINITIONS = "USERLAND_MODE=1";
				GCC_WARN_64_TO_32_BIT_CONVERSION = YES;
				GCC_WARN_ABOUT_RETURN_TYPE = YES_ERROR;
				GCC_WARN_UNDECLARED_SELECTOR = YES;
				GCC_WARN_UNINITIALIZED_AUTOS = YES_AGGRESSIVE;
				GCC_WARN_UNUSED_FUNCTION = YES;
				GCC_WARN_UNUSED_VARIABLE = YES;
				GENERATE_INFOPLIST_FILE = NO;
				INFOPLIST_EXPAND_BUILD_SETTINGS = YES;
				INFOPLIST_PREPROCESS = NO;
				IPHONEOS_DEPLOYMENT_TARGET = 14.0;
				MTL_ENABLE_DEBUG_INFO = NO;
				MTL_FAST_MATH = YES;
				SDKROOT = iphoneos;
				VALIDATE_PRODUCT = YES;
			};
			name = Release;
		};
		4F30286228DB0A0800702FDD /* Debug */ = {
			isa = XCBuildConfiguration;
			buildSettings = {
				ASSETCATALOG_COMPILER_APPICON_NAME = AppIcon;
				ASSETCATALOG_COMPILER_GLOBAL_ACCENT_COLOR_NAME = AccentColor;
				CODE_SIGN_STYLE = Automatic;
				CURRENT_PROJECT_VERSION = 1;
				DEVELOPMENT_TEAM = P53D29U9LJ;
				INFOPLIST_FILE = NamuTrackerApp/Info.plist;
				INFOPLIST_KEY_UIApplicationSupportsIndirectInputEvents = YES;
				INFOPLIST_KEY_UILaunchStoryboardName = LaunchScreen;
				INFOPLIST_KEY_UIMainStoryboardFile = Main;
				INFOPLIST_KEY_UISupportedInterfaceOrientations_iPad = "UIInterfaceOrientationPortrait UIInterfaceOrientationPortraitUpsideDown UIInterfaceOrientationLandscapeLeft UIInterfaceOrientationLandscapeRight";
				INFOPLIST_KEY_UISupportedInterfaceOrientations_iPhone = "UIInterfaceOrientationPortrait UIInterfaceOrientationLandscapeLeft UIInterfaceOrientationLandscapeRight";
				IPHONEOS_DEPLOYMENT_TARGET = 14.0;
				LD_RUNPATH_SEARCH_PATHS = (
					"$(inherited)",
					"@executable_path/Frameworks",
				);
				MARKETING_VERSION = 1.0;
				PRODUCT_BUNDLE_IDENTIFIER = com.pookjw.namutracker.app.userland;
				PRODUCT_NAME = "$(TARGET_NAME)";
				SWIFT_EMIT_LOC_STRINGS = YES;
				TARGETED_DEVICE_FAMILY = "1,2";
			};
			name = Debug;
		};
		4F30286328DB0A0800702FDD /* Release */ = {
			isa = XCBuildConfiguration;
			buildSettings = {
				ASSETCATALOG_COMPILER_APPICON_NAME = AppIcon;
				ASSETCATALOG_COMPILER_GLOBAL_ACCENT_COLOR_NAME = AccentColor;
				CODE_SIGN_STYLE = Automatic;
				CURRENT_PROJECT_VERSION = 1;
				DEVELOPMENT_TEAM = P53D29U9LJ;
				INFOPLIST_FILE = NamuTrackerApp/Info.plist;
				INFOPLIST_KEY_UIApplicationSupportsIndirectInputEvents = YES;
				INFOPLIST_KEY_UILaunchStoryboardName = LaunchScreen;
				INFOPLIST_KEY_UIMainStoryboardFile = Main;
				INFOPLIST_KEY_UISupportedInterfaceOrientations_iPad = "UIInterfaceOrientationPortrait UIInterfaceOrientationPortraitUpsideDown UIInterfaceOrientationLandscapeLeft UIInterfaceOrientationLandscapeRight";
				INFOPLIST_KEY_UISupportedInterfaceOrientations_iPhone = "UIInterfaceOrientationPortrait UIInterfaceOrientationLandscapeLeft UIInterfaceOrientationLandscapeRight";
				IPHONEOS_DEPLOYMENT_TARGET = 14.0;
				LD_RUNPATH_SEARCH_PATHS = (
					"$(inherited)",
					"@executable_path/Frameworks",
				);
				MARKETING_VERSION = 1.0;
				PRODUCT_BUNDLE_IDENTIFIER = com.pookjw.namutracker.app.userland;
				PRODUCT_NAME = "$(TARGET_NAME)";
				SWIFT_EMIT_LOC_STRINGS = YES;
				TARGETED_DEVICE_FAMILY = "1,2";
			};
			name = Release;
		};
		4FD4E49328F67AD0006EBA86 /* Debug */ = {
			isa = XCBuildConfiguration;
			buildSettings = {
				CODE_SIGN_STYLE = Automatic;
				DEVELOPMENT_TEAM = P53D29U9LJ;
				ENABLE_HARDENED_RUNTIME = YES;
				GCC_PREPROCESSOR_DEFINITIONS = (
					"DEBUG=1",
					"$(inherited)",
				);
				MACOSX_DEPLOYMENT_TARGET = 12.3;
				PRODUCT_NAME = "$(TARGET_NAME)";
				SDKROOT = macosx;
			};
			name = Debug;
		};
		4FD4E49428F67AD0006EBA86 /* Release */ = {
			isa = XCBuildConfiguration;
			buildSettings = {
				CODE_SIGN_STYLE = Automatic;
				DEVELOPMENT_TEAM = P53D29U9LJ;
				ENABLE_HARDENED_RUNTIME = YES;
				MACOSX_DEPLOYMENT_TARGET = 12.3;
				PRODUCT_NAME = "$(TARGET_NAME)";
				SDKROOT = macosx;
			};
			name = Release;
		};
/* End XCBuildConfiguration section */

/* Begin XCConfigurationList section */
		4F30284328DB0A0800702FDD /* Build configuration list for PBXProject "NamuTrackerApp" */ = {
			isa = XCConfigurationList;
			buildConfigurations = (
				4F30285F28DB0A0800702FDD /* Debug */,
				4F30286028DB0A0800702FDD /* Release */,
			);
			defaultConfigurationIsVisible = 0;
			defaultConfigurationName = Release;
		};
		4F30286128DB0A0800702FDD /* Build configuration list for PBXNativeTarget "NamuTrackerApp" */ = {
			isa = XCConfigurationList;
			buildConfigurations = (
				4F30286228DB0A0800702FDD /* Debug */,
				4F30286328DB0A0800702FDD /* Release */,
			);
			defaultConfigurationIsVisible = 0;
			defaultConfigurationName = Release;
		};
		4FD4E49228F67AD0006EBA86 /* Build configuration list for PBXNativeTarget "NamuTrackerAppResourcesScript" */ = {
			isa = XCConfigurationList;
			buildConfigurations = (
				4FD4E49328F67AD0006EBA86 /* Debug */,
				4FD4E49428F67AD0006EBA86 /* Release */,
			);
			defaultConfigurationIsVisible = 0;
			defaultConfigurationName = Release;
		};
/* End XCConfigurationList section */
	};
	rootObject = 4F30284028DB0A0800702FDD /* Project object */;
}
